
Microsoft Visual Studio Solution File, Format Version 12.00
# Visual Studio Version 16
VisualStudioVersion = 16.0.29920.165
MinimumVisualStudioVersion = 10.0.40219.1
Project("{9A19103F-16F7-4668-BE54-9A1E7A4F7556}") = "Geteway.Api", "Geteway.Api\Geteway.Api.csproj", "{3CC9F559-84D0-4BAE-A670-C1BC7E084E1A}"
EndProject
Project("{9A19103F-16F7-4668-BE54-9A1E7A4F7556}") = "User.Api", "User.Api\User.Api.csproj", "{63EF89B7-EE30-4134-88FB-693CA1FF216F}"
EndProject
Project("{9A19103F-16F7-4668-BE54-9A1E7A4F7556}") = "User.Identity", "User.Identity\User.Identity.csproj", "{4F52A8A8-B232-41DA-AB30-7603CEBA4AED}"
EndProject
Project("{9A19103F-16F7-4668-BE54-9A1E7A4F7556}") = "Order.Api", "Order.Api\Order.Api.csproj", "{A1BDC91C-CEE3-4482-BD42-EBF1A2176FEE}"
EndProject
Project("{9A19103F-16F7-4668-BE54-9A1E7A4F7556}") = "Payment.Api", "Payment.Api\Payment.Api.csproj", "{A712E1F8-3FB6-4F2D-92CE-16D11F0B15A7}"
EndProject
Project("{9A19103F-16F7-4668-BE54-9A1E7A4F7556}") = "Shawn.Component", "Shawn.Component\Shawn.Component.csproj", "{1173A455-11E6-416E-9664-BC663DD654BB}"
EndProject
Project("{2150E333-8FDC-42A3-9474-1A3956D46DE8}") = "TestApi", "TestApi", "{11D47B80-FAD0-447C-95CB-7A83E1A12D03}"
EndProject
Project("{2150E333-8FDC-42A3-9474-1A3956D46DE8}") = "TestHttpPollyApi", "TestHttpPollyApi", "{A00F3077-4CBE-4E58-A852-61C3E9777FB6}"
EndProject
Project("{9A19103F-16F7-4668-BE54-9A1E7A4F7556}") = "testclient", "testclient\testclient.csproj", "{EFB72C1F-D56E-4952-959E-FB4B397F923A}"
EndProject
Project("{2150E333-8FDC-42A3-9474-1A3956D46DE8}") = "TestRabbitMq", "TestRabbitMq", "{AE6B9AB5-C2B0-4B82-9DA1-9315F24BC835}"
EndProject
Project("{9A19103F-16F7-4668-BE54-9A1E7A4F7556}") = "EventBusOne", "EventBusOne\EventBusOne.csproj", "{374EC5E6-0B99-44F1-B96B-4DD00169C672}"
EndProject
Project("{9A19103F-16F7-4668-BE54-9A1E7A4F7556}") = "ShawnEventBus", "ShawnEventBus\ShawnEventBus.csproj", "{2B55EA36-8ED0-423C-AC03-E4F85637EA2C}"
EndProject
Project("{9A19103F-16F7-4668-BE54-9A1E7A4F7556}") = "TestMqRabbit", "TestMqRabbit\TestMqRabbit.csproj", "{7167817C-CD46-4A84-9F7C-6D20F2C9E003}"
EndProject
Project("{9A19103F-16F7-4668-BE54-9A1E7A4F7556}") = "TestMqRabbit2", "TestMqRabbit2\TestMqRabbit2.csproj", "{66D38720-8B00-4198-B154-CE34896C6D69}"
EndProject
Project("{9A19103F-16F7-4668-BE54-9A1E7A4F7556}") = "TestMqRabbit3", "TestMqRabbit3\TestMqRabbit3.csproj", "{82B10790-2EE9-4D4A-A1C0-A4F326E1C539}"
EndProject
Project("{2150E333-8FDC-42A3-9474-1A3956D46DE8}") = "2pcCommit", "2pcCommit", "{FB877BBF-D9A9-4D03-ACAA-B1B1E887EA6E}"
EndProject
Project("{9A19103F-16F7-4668-BE54-9A1E7A4F7556}") = "2pcclient", "2pcclient\2pcclient.csproj", "{481A42F7-A072-48D4-9B8B-062993409E91}"
EndProject
Project("{2150E333-8FDC-42A3-9474-1A3956D46DE8}") = "TaskScheduler", "TaskScheduler", "{99D11695-452A-4C1E-89C1-140B02A04136}"
EndProject
Project("{9A19103F-16F7-4668-BE54-9A1E7A4F7556}") = "TaskSchedulerTest", "TaskSchedulerTest\TaskSchedulerTest.csproj", "{3D64DFDC-A42D-4863-9744-17CBC3B9BB4F}"
EndProject
Project("{2150E333-8FDC-42A3-9474-1A3956D46DE8}") = "TestHostBuld", "TestHostBuld", "{B617D4F0-2673-4880-BB0C-F0FDE0D260F4}"
EndProject
Project("{9A19103F-16F7-4668-BE54-9A1E7A4F7556}") = "Test1", "Test1\Test1.csproj", "{AFD2ABB9-74EB-4F4F-9B71-F36CAA759393}"
EndProject
Project("{FAE04EC0-301F-11D3-BF4B-00C04F79EFBC}") = "ConsoleApp1", "ConsoleApp1\ConsoleApp1.csproj", "{0B4C48B1-5309-44C4-834B-649EC4141E76}"
EndProject
Project("{FAE04EC0-301F-11D3-BF4B-00C04F79EFBC}") = "AuthCode.Test", "AuthCode.Test\AuthCode.Test.csproj", "{68FF7D0E-D113-4ACC-922D-5F1980A9A070}"
EndProject
Global
	GlobalSection(SolutionConfigurationPlatforms) = preSolution
		Debug|Any CPU = Debug|Any CPU
		Release|Any CPU = Release|Any CPU
	EndGlobalSection
	GlobalSection(ProjectConfigurationPlatforms) = postSolution
		{3CC9F559-84D0-4BAE-A670-C1BC7E084E1A}.Debug|Any CPU.ActiveCfg = Debug|Any CPU
		{3CC9F559-84D0-4BAE-A670-C1BC7E084E1A}.Debug|Any CPU.Build.0 = Debug|Any CPU
		{3CC9F559-84D0-4BAE-A670-C1BC7E084E1A}.Release|Any CPU.ActiveCfg = Release|Any CPU
		{3CC9F559-84D0-4BAE-A670-C1BC7E084E1A}.Release|Any CPU.Build.0 = Release|Any CPU
		{63EF89B7-EE30-4134-88FB-693CA1FF216F}.Debug|Any CPU.ActiveCfg = Debug|Any CPU
		{63EF89B7-EE30-4134-88FB-693CA1FF216F}.Debug|Any CPU.Build.0 = Debug|Any CPU
		{63EF89B7-EE30-4134-88FB-693CA1FF216F}.Release|Any CPU.ActiveCfg = Release|Any CPU
		{63EF89B7-EE30-4134-88FB-693CA1FF216F}.Release|Any CPU.Build.0 = Release|Any CPU
		{4F52A8A8-B232-41DA-AB30-7603CEBA4AED}.Debug|Any CPU.ActiveCfg = Debug|Any CPU
		{4F52A8A8-B232-41DA-AB30-7603CEBA4AED}.Debug|Any CPU.Build.0 = Debug|Any CPU
		{4F52A8A8-B232-41DA-AB30-7603CEBA4AED}.Release|Any CPU.ActiveCfg = Release|Any CPU
		{4F52A8A8-B232-41DA-AB30-7603CEBA4AED}.Release|Any CPU.Build.0 = Release|Any CPU
		{A1BDC91C-CEE3-4482-BD42-EBF1A2176FEE}.Debug|Any CPU.ActiveCfg = Debug|Any CPU
		{A1BDC91C-CEE3-4482-BD42-EBF1A2176FEE}.Debug|Any CPU.Build.0 = Debug|Any CPU
		{A1BDC91C-CEE3-4482-BD42-EBF1A2176FEE}.Release|Any CPU.ActiveCfg = Release|Any CPU
		{A1BDC91C-CEE3-4482-BD42-EBF1A2176FEE}.Release|Any CPU.Build.0 = Release|Any CPU
		{A712E1F8-3FB6-4F2D-92CE-16D11F0B15A7}.Debug|Any CPU.ActiveCfg = Debug|Any CPU
		{A712E1F8-3FB6-4F2D-92CE-16D11F0B15A7}.Debug|Any CPU.Build.0 = Debug|Any CPU
		{A712E1F8-3FB6-4F2D-92CE-16D11F0B15A7}.Release|Any CPU.ActiveCfg = Release|Any CPU
		{A712E1F8-3FB6-4F2D-92CE-16D11F0B15A7}.Release|Any CPU.Build.0 = Release|Any CPU
		{1173A455-11E6-416E-9664-BC663DD654BB}.Debug|Any CPU.ActiveCfg = Debug|Any CPU
		{1173A455-11E6-416E-9664-BC663DD654BB}.Debug|Any CPU.Build.0 = Debug|Any CPU
		{1173A455-11E6-416E-9664-BC663DD654BB}.Release|Any CPU.ActiveCfg = Release|Any CPU
		{1173A455-11E6-416E-9664-BC663DD654BB}.Release|Any CPU.Build.0 = Release|Any CPU
		{EFB72C1F-D56E-4952-959E-FB4B397F923A}.Debug|Any CPU.ActiveCfg = Debug|Any CPU
		{EFB72C1F-D56E-4952-959E-FB4B397F923A}.Debug|Any CPU.Build.0 = Debug|Any CPU
		{EFB72C1F-D56E-4952-959E-FB4B397F923A}.Release|Any CPU.ActiveCfg = Release|Any CPU
		{EFB72C1F-D56E-4952-959E-FB4B397F923A}.Release|Any CPU.Build.0 = Release|Any CPU
		{374EC5E6-0B99-44F1-B96B-4DD00169C672}.Debug|Any CPU.ActiveCfg = Debug|Any CPU
		{374EC5E6-0B99-44F1-B96B-4DD00169C672}.Debug|Any CPU.Build.0 = Debug|Any CPU
		{374EC5E6-0B99-44F1-B96B-4DD00169C672}.Release|Any CPU.ActiveCfg = Release|Any CPU
		{374EC5E6-0B99-44F1-B96B-4DD00169C672}.Release|Any CPU.Build.0 = Release|Any CPU
		{2B55EA36-8ED0-423C-AC03-E4F85637EA2C}.Debug|Any CPU.ActiveCfg = Debug|Any CPU
		{2B55EA36-8ED0-423C-AC03-E4F85637EA2C}.Debug|Any CPU.Build.0 = Debug|Any CPU
		{2B55EA36-8ED0-423C-AC03-E4F85637EA2C}.Release|Any CPU.ActiveCfg = Release|Any CPU
		{2B55EA36-8ED0-423C-AC03-E4F85637EA2C}.Release|Any CPU.Build.0 = Release|Any CPU
		{7167817C-CD46-4A84-9F7C-6D20F2C9E003}.Debug|Any CPU.ActiveCfg = Debug|Any CPU
		{7167817C-CD46-4A84-9F7C-6D20F2C9E003}.Debug|Any CPU.Build.0 = Debug|Any CPU
		{7167817C-CD46-4A84-9F7C-6D20F2C9E003}.Release|Any CPU.ActiveCfg = Release|Any CPU
		{7167817C-CD46-4A84-9F7C-6D20F2C9E003}.Release|Any CPU.Build.0 = Release|Any CPU
		{66D38720-8B00-4198-B154-CE34896C6D69}.Debug|Any CPU.ActiveCfg = Debug|Any CPU
		{66D38720-8B00-4198-B154-CE34896C6D69}.Debug|Any CPU.Build.0 = Debug|Any CPU
		{66D38720-8B00-4198-B154-CE34896C6D69}.Release|Any CPU.ActiveCfg = Release|Any CPU
		{66D38720-8B00-4198-B154-CE34896C6D69}.Release|Any CPU.Build.0 = Release|Any CPU
		{82B10790-2EE9-4D4A-A1C0-A4F326E1C539}.Debug|Any CPU.ActiveCfg = Debug|Any CPU
		{82B10790-2EE9-4D4A-A1C0-A4F326E1C539}.Debug|Any CPU.Build.0 = Debug|Any CPU
		{82B10790-2EE9-4D4A-A1C0-A4F326E1C539}.Release|Any CPU.ActiveCfg = Release|Any CPU
		{82B10790-2EE9-4D4A-A1C0-A4F326E1C539}.Release|Any CPU.Build.0 = Release|Any CPU
		{481A42F7-A072-48D4-9B8B-062993409E91}.Debug|Any CPU.ActiveCfg = Debug|Any CPU
		{481A42F7-A072-48D4-9B8B-062993409E91}.Debug|Any CPU.Build.0 = Debug|Any CPU
		{481A42F7-A072-48D4-9B8B-062993409E91}.Release|Any CPU.ActiveCfg = Release|Any CPU
		{481A42F7-A072-48D4-9B8B-062993409E91}.Release|Any CPU.Build.0 = Release|Any CPU
		{3D64DFDC-A42D-4863-9744-17CBC3B9BB4F}.Debug|Any CPU.ActiveCfg = Debug|Any CPU
		{3D64DFDC-A42D-4863-9744-17CBC3B9BB4F}.Debug|Any CPU.Build.0 = Debug|Any CPU
		{3D64DFDC-A42D-4863-9744-17CBC3B9BB4F}.Release|Any CPU.ActiveCfg = Release|Any CPU
		{3D64DFDC-A42D-4863-9744-17CBC3B9BB4F}.Release|Any CPU.Build.0 = Release|Any CPU
		{AFD2ABB9-74EB-4F4F-9B71-F36CAA759393}.Debug|Any CPU.ActiveCfg = Debug|Any CPU
		{AFD2ABB9-74EB-4F4F-9B71-F36CAA759393}.Debug|Any CPU.Build.0 = Debug|Any CPU
		{AFD2ABB9-74EB-4F4F-9B71-F36CAA759393}.Release|Any CPU.ActiveCfg = Release|Any CPU
		{AFD2ABB9-74EB-4F4F-9B71-F36CAA759393}.Release|Any CPU.Build.0 = Release|Any CPU
		{0B4C48B1-5309-44C4-834B-649EC4141E76}.Debug|Any CPU.ActiveCfg = Debug|Any CPU
		{0B4C48B1-5309-44C4-834B-649EC4141E76}.Debug|Any CPU.Build.0 = Debug|Any CPU
		{0B4C48B1-5309-44C4-834B-649EC4141E76}.Release|Any CPU.ActiveCfg = Release|Any CPU
		{0B4C48B1-5309-44C4-834B-649EC4141E76}.Release|Any CPU.Build.0 = Release|Any CPU
		{68FF7D0E-D113-4ACC-922D-5F1980A9A070}.Debug|Any CPU.ActiveCfg = Debug|Any CPU
		{68FF7D0E-D113-4ACC-922D-5F1980A9A070}.Debug|Any CPU.Build.0 = Debug|Any CPU
		{68FF7D0E-D113-4ACC-922D-5F1980A9A070}.Release|Any CPU.ActiveCfg = Release|Any CPU
		{68FF7D0E-D113-4ACC-922D-5F1980A9A070}.Release|Any CPU.Build.0 = Release|Any CPU
	EndGlobalSection
	GlobalSection(SolutionProperties) = preSolution
		HideSolutionNode = FALSE
	EndGlobalSection
	GlobalSection(NestedProjects) = preSolution
		{A00F3077-4CBE-4E58-A852-61C3E9777FB6} = {11D47B80-FAD0-447C-95CB-7A83E1A12D03}
		{EFB72C1F-D56E-4952-959E-FB4B397F923A} = {A00F3077-4CBE-4E58-A852-61C3E9777FB6}
		{AE6B9AB5-C2B0-4B82-9DA1-9315F24BC835} = {11D47B80-FAD0-447C-95CB-7A83E1A12D03}
		{374EC5E6-0B99-44F1-B96B-4DD00169C672} = {AE6B9AB5-C2B0-4B82-9DA1-9315F24BC835}
		{2B55EA36-8ED0-423C-AC03-E4F85637EA2C} = {AE6B9AB5-C2B0-4B82-9DA1-9315F24BC835}
		{7167817C-CD46-4A84-9F7C-6D20F2C9E003} = {AE6B9AB5-C2B0-4B82-9DA1-9315F24BC835}
		{66D38720-8B00-4198-B154-CE34896C6D69} = {AE6B9AB5-C2B0-4B82-9DA1-9315F24BC835}
		{82B10790-2EE9-4D4A-A1C0-A4F326E1C539} = {AE6B9AB5-C2B0-4B82-9DA1-9315F24BC835}
		{FB877BBF-D9A9-4D03-ACAA-B1B1E887EA6E} = {11D47B80-FAD0-447C-95CB-7A83E1A12D03}
		{481A42F7-A072-48D4-9B8B-062993409E91} = {FB877BBF-D9A9-4D03-ACAA-B1B1E887EA6E}
		{99D11695-452A-4C1E-89C1-140B02A04136} = {11D47B80-FAD0-447C-95CB-7A83E1A12D03}
		{3D64DFDC-A42D-4863-9744-17CBC3B9BB4F} = {99D11695-452A-4C1E-89C1-140B02A04136}
		{B617D4F0-2673-4880-BB0C-F0FDE0D260F4} = {11D47B80-FAD0-447C-95CB-7A83E1A12D03}
		{AFD2ABB9-74EB-4F4F-9B71-F36CAA759393} = {B617D4F0-2673-4880-BB0C-F0FDE0D260F4}
		{0B4C48B1-5309-44C4-834B-649EC4141E76} = {99D11695-452A-4C1E-89C1-140B02A04136}
	EndGlobalSection
	GlobalSection(ExtensibilityGlobals) = postSolution
		SolutionGuid = {190046FC-14A9-4731-ABE1-DC80629DDFDD}
	EndGlobalSection
EndGlobal
